
Microsoft Visual Studio Solution File, Format Version 12.00
# Visual Studio Version 16
VisualStudioVersion = 16.0.32002.261
MinimumVisualStudioVersion = 10.0.40219.1
Project("{FAE04EC0-301F-11D3-BF4B-00C04F79EFBC}") = "ConsoleApp1", "ConsoleApp1\ConsoleApp1.csproj", "{6FEC386C-FA5A-4BBD-911E-18C58518C946}"
EndProject
Global
	GlobalSection(SolutionConfigurationPlatforms) = preSolution
		Debug|Any CPU = Debug|Any CPU
		Release|Any CPU = Release|Any CPU
	EndGlobalSection
	GlobalSection(ProjectConfigurationPlatforms) = postSolution
		{6FEC386C-FA5A-4BBD-911E-18C58518C946}.Debug|Any CPU.ActiveCfg = Debug|Any CPU
		{6FEC386C-FA5A-4BBD-911E-18C58518C946}.Debug|Any CPU.Build.0 = Debug|Any CPU
		{6FEC386C-FA5A-4BBD-911E-18C58518C946}.Release|Any CPU.ActiveCfg = Release|Any CPU
		{6FEC386C-FA5A-4BBD-911E-18C58518C946}.Release|Any CPU.Build.0 = Release|Any CPU
	EndGlobalSection
	GlobalSection(SolutionProperties) = preSolution
		HideSolutionNode = FALSE
	EndGlobalSection
	GlobalSection(ExtensibilityGlobals) = postSolution
		SolutionGuid = {2260974E-79E5-4C2C-A94C-C6C363692496}
	EndGlobalSection
EndGlobal
